// !$*UTF8*$!
{
	archiveVersion = 1;
	classes = {
	};
	objectVersion = 56;
	objects = {

/* Begin PBXBuildFile section */
		464C089E29A272BD00A1FFB3 /* PersonListView.swift in Sources */ = {isa = PBXBuildFile; fileRef = 464C089D29A272BD00A1FFB3 /* PersonListView.swift */; };
		465F20C329A42D8E00DEE306 /* ProfileResponse.swift in Sources */ = {isa = PBXBuildFile; fileRef = 465F20C229A42D8E00DEE306 /* ProfileResponse.swift */; };
		466175B829A5240500A0ADD5 /* POPupLearn.swift in Sources */ = {isa = PBXBuildFile; fileRef = 466175B729A5240500A0ADD5 /* POPupLearn.swift */; };
		46909D8A299FC81200FA245E /* ListStub.swift in Sources */ = {isa = PBXBuildFile; fileRef = 46909D89299FC81200FA245E /* ListStub.swift */; };
		46A12C6C299F11B700230F79 /* addAppsToCloudkitApp.swift in Sources */ = {isa = PBXBuildFile; fileRef = 46A12C6B299F11B700230F79 /* addAppsToCloudkitApp.swift */; };
		46A12C6E299F11B700230F79 /* ContentView.swift in Sources */ = {isa = PBXBuildFile; fileRef = 46A12C6D299F11B700230F79 /* ContentView.swift */; };
		46A12C70299F11B900230F79 /* Assets.xcassets in Resources */ = {isa = PBXBuildFile; fileRef = 46A12C6F299F11B900230F79 /* Assets.xcassets */; };
		46A12C73299F11B900230F79 /* Preview Assets.xcassets in Resources */ = {isa = PBXBuildFile; fileRef = 46A12C72299F11B900230F79 /* Preview Assets.xcassets */; };
		46A12C7D299F157F00230F79 /* ApiHelper.swift in Sources */ = {isa = PBXBuildFile; fileRef = 46A12C7C299F157F00230F79 /* ApiHelper.swift */; };
		46A12C81299F15A800230F79 /* ApiEndpoint.swift in Sources */ = {isa = PBXBuildFile; fileRef = 46A12C7E299F15A800230F79 /* ApiEndpoint.swift */; };
		46A12C82299F15A800230F79 /* ApiError.swift in Sources */ = {isa = PBXBuildFile; fileRef = 46A12C7F299F15A800230F79 /* ApiError.swift */; };
		46A12C83299F15A800230F79 /* ApiManager.swift in Sources */ = {isa = PBXBuildFile; fileRef = 46A12C80299F15A800230F79 /* ApiManager.swift */; };
		46A12CA5299F194000230F79 /* AppResponse.swift in Sources */ = {isa = PBXBuildFile; fileRef = 46A12CA4299F194000230F79 /* AppResponse.swift */; };
		46A12CA7299F19B900230F79 /* Appx.swift in Sources */ = {isa = PBXBuildFile; fileRef = 46A12CA6299F19B800230F79 /* Appx.swift */; };
		46ABA77029A2F13F00B158B4 /* CategoryPickerview.swift in Sources */ = {isa = PBXBuildFile; fileRef = 46ABA76F29A2F13F00B158B4 /* CategoryPickerview.swift */; };
		46ABA77229A39F9100B158B4 /* AppWork.swift in Sources */ = {isa = PBXBuildFile; fileRef = 46ABA77129A39F9100B158B4 /* AppWork.swift */; };
		46DED5F429A44BBA000A3545 /* ListOfAppsProfiles.swift in Sources */ = {isa = PBXBuildFile; fileRef = 46DED5F329A44BBA000A3545 /* ListOfAppsProfiles.swift */; };
		46DED5F629A4848D000A3545 /* AppProfile.swift in Sources */ = {isa = PBXBuildFile; fileRef = 46DED5F529A4848D000A3545 /* AppProfile.swift */; };
/* End PBXBuildFile section */

/* Begin PBXFileReference section */
		464C089D29A272BD00A1FFB3 /* PersonListView.swift */ = {isa = PBXFileReference; lastKnownFileType = sourcecode.swift; path = PersonListView.swift; sourceTree = "<group>"; };
		465F20C229A42D8E00DEE306 /* ProfileResponse.swift */ = {isa = PBXFileReference; lastKnownFileType = sourcecode.swift; path = ProfileResponse.swift; sourceTree = "<group>"; };
		466175B729A5240500A0ADD5 /* POPupLearn.swift */ = {isa = PBXFileReference; lastKnownFileType = sourcecode.swift; path = POPupLearn.swift; sourceTree = "<group>"; };
		46909D89299FC81200FA245E /* ListStub.swift */ = {isa = PBXFileReference; lastKnownFileType = sourcecode.swift; path = ListStub.swift; sourceTree = "<group>"; };
		46A12C68299F11B700230F79 /* addAppsToCloudkit.app */ = {isa = PBXFileReference; explicitFileType = wrapper.application; includeInIndex = 0; path = addAppsToCloudkit.app; sourceTree = BUILT_PRODUCTS_DIR; };
		46A12C6B299F11B700230F79 /* addAppsToCloudkitApp.swift */ = {isa = PBXFileReference; lastKnownFileType = sourcecode.swift; path = addAppsToCloudkitApp.swift; sourceTree = "<group>"; };
		46A12C6D299F11B700230F79 /* ContentView.swift */ = {isa = PBXFileReference; lastKnownFileType = sourcecode.swift; path = ContentView.swift; sourceTree = "<group>"; };
		46A12C6F299F11B900230F79 /* Assets.xcassets */ = {isa = PBXFileReference; lastKnownFileType = folder.assetcatalog; path = Assets.xcassets; sourceTree = "<group>"; };
		46A12C72299F11B900230F79 /* Preview Assets.xcassets */ = {isa = PBXFileReference; lastKnownFileType = folder.assetcatalog; path = "Preview Assets.xcassets"; sourceTree = "<group>"; };
		46A12C79299F125700230F79 /* addAppsToCloudkit.entitlements */ = {isa = PBXFileReference; lastKnownFileType = text.plist.entitlements; path = addAppsToCloudkit.entitlements; sourceTree = "<group>"; };
		46A12C7C299F157F00230F79 /* ApiHelper.swift */ = {isa = PBXFileReference; fileEncoding = 4; lastKnownFileType = sourcecode.swift; path = ApiHelper.swift; sourceTree = "<group>"; };
		46A12C7E299F15A800230F79 /* ApiEndpoint.swift */ = {isa = PBXFileReference; fileEncoding = 4; lastKnownFileType = sourcecode.swift; path = ApiEndpoint.swift; sourceTree = "<group>"; };
		46A12C7F299F15A800230F79 /* ApiError.swift */ = {isa = PBXFileReference; fileEncoding = 4; lastKnownFileType = sourcecode.swift; path = ApiError.swift; sourceTree = "<group>"; };
		46A12C80299F15A800230F79 /* ApiManager.swift */ = {isa = PBXFileReference; fileEncoding = 4; lastKnownFileType = sourcecode.swift; path = ApiManager.swift; sourceTree = "<group>"; };
		46A12CA4299F194000230F79 /* AppResponse.swift */ = {isa = PBXFileReference; lastKnownFileType = sourcecode.swift; path = AppResponse.swift; sourceTree = "<group>"; };
		46A12CA6299F19B800230F79 /* Appx.swift */ = {isa = PBXFileReference; lastKnownFileType = sourcecode.swift; path = Appx.swift; sourceTree = "<group>"; };
		46ABA76F29A2F13F00B158B4 /* CategoryPickerview.swift */ = {isa = PBXFileReference; lastKnownFileType = sourcecode.swift; path = CategoryPickerview.swift; sourceTree = "<group>"; };
		46ABA77129A39F9100B158B4 /* AppWork.swift */ = {isa = PBXFileReference; lastKnownFileType = sourcecode.swift; path = AppWork.swift; sourceTree = "<group>"; };
		46DED5F329A44BBA000A3545 /* ListOfAppsProfiles.swift */ = {isa = PBXFileReference; lastKnownFileType = sourcecode.swift; path = ListOfAppsProfiles.swift; sourceTree = "<group>"; };
		46DED5F529A4848D000A3545 /* AppProfile.swift */ = {isa = PBXFileReference; lastKnownFileType = sourcecode.swift; path = AppProfile.swift; sourceTree = "<group>"; };
/* End PBXFileReference section */

/* Begin PBXFrameworksBuildPhase section */
		46A12C65299F11B700230F79 /* Frameworks */ = {
			isa = PBXFrameworksBuildPhase;
			buildActionMask = 2147483647;
			files = (
			);
			runOnlyForDeploymentPostprocessing = 0;
		};
/* End PBXFrameworksBuildPhase section */

/* Begin PBXGroup section */
		46A12C5F299F11B700230F79 = {
			isa = PBXGroup;
			children = (
				46A12C6A299F11B700230F79 /* addAppsToCloudkit */,
				46A12C69299F11B700230F79 /* Products */,
			);
			sourceTree = "<group>";
		};
		46A12C69299F11B700230F79 /* Products */ = {
			isa = PBXGroup;
			children = (
				46A12C68299F11B700230F79 /* addAppsToCloudkit.app */,
			);
			name = Products;
			sourceTree = "<group>";
		};
		46A12C6A299F11B700230F79 /* addAppsToCloudkit */ = {
			isa = PBXGroup;
			children = (
				46A12C6B299F11B700230F79 /* addAppsToCloudkitApp.swift */,
				46DED5F029A44A31000A3545 /* dataSource for app */,
				46A12C7B299F154100230F79 /* models */,
				46A12C7A299F152700230F79 /* api */,
				46DED5F129A44AF9000A3545 /* ContentViews */,
				46DED5F229A44B54000A3545 /* Learn Area */,
				46A12C79299F125700230F79 /* addAppsToCloudkit.entitlements */,
				46A12C6F299F11B900230F79 /* Assets.xcassets */,
				46A12C71299F11B900230F79 /* Preview Content */,
			);
			path = addAppsToCloudkit;
			sourceTree = "<group>";
		};
		46A12C71299F11B900230F79 /* Preview Content */ = {
			isa = PBXGroup;
			children = (
				46A12C72299F11B900230F79 /* Preview Assets.xcassets */,
			);
			path = "Preview Content";
			sourceTree = "<group>";
		};
		46A12C7A299F152700230F79 /* api */ = {
			isa = PBXGroup;
			children = (
				46A12C7E299F15A800230F79 /* ApiEndpoint.swift */,
				46A12C7F299F15A800230F79 /* ApiError.swift */,
				46A12C80299F15A800230F79 /* ApiManager.swift */,
				46A12C7C299F157F00230F79 /* ApiHelper.swift */,
			);
			path = api;
			sourceTree = "<group>";
		};
		46A12C7B299F154100230F79 /* models */ = {
			isa = PBXGroup;
			children = (
				46A12CA4299F194000230F79 /* AppResponse.swift */,
				46A12CA6299F19B800230F79 /* Appx.swift */,
				465F20C229A42D8E00DEE306 /* ProfileResponse.swift */,
				46DED5F529A4848D000A3545 /* AppProfile.swift */,
			);
			path = models;
			sourceTree = "<group>";
		};
		46DED5F029A44A31000A3545 /* dataSource for app */ = {
			isa = PBXGroup;
			children = (
				46ABA77129A39F9100B158B4 /* AppWork.swift */,
			);
			path = "dataSource for app";
			sourceTree = "<group>";
		};
		46DED5F129A44AF9000A3545 /* ContentViews */ = {
			isa = PBXGroup;
			children = (
				464C089D29A272BD00A1FFB3 /* PersonListView.swift */,
				46A12C6D299F11B700230F79 /* ContentView.swift */,
				46909D89299FC81200FA245E /* ListStub.swift */,
				46DED5F329A44BBA000A3545 /* ListOfAppsProfiles.swift */,
			);
			path = ContentViews;
			sourceTree = "<group>";
		};
		46DED5F229A44B54000A3545 /* Learn Area */ = {
			isa = PBXGroup;
			children = (
				46ABA76F29A2F13F00B158B4 /* CategoryPickerview.swift */,
				466175B729A5240500A0ADD5 /* POPupLearn.swift */,
			);
			path = "Learn Area";
			sourceTree = "<group>";
		};
/* End PBXGroup section */

/* Begin PBXNativeTarget section */
		46A12C67299F11B700230F79 /* addAppsToCloudkit */ = {
			isa = PBXNativeTarget;
			buildConfigurationList = 46A12C76299F11B900230F79 /* Build configuration list for PBXNativeTarget "addAppsToCloudkit" */;
			buildPhases = (
				46A12C64299F11B700230F79 /* Sources */,
				46A12C65299F11B700230F79 /* Frameworks */,
				46A12C66299F11B700230F79 /* Resources */,
			);
			buildRules = (
			);
			dependencies = (
			);
			name = addAppsToCloudkit;
			productName = addAppsToCloudkit;
			productReference = 46A12C68299F11B700230F79 /* addAppsToCloudkit.app */;
			productType = "com.apple.product-type.application";
		};
/* End PBXNativeTarget section */

/* Begin PBXProject section */
		46A12C60299F11B700230F79 /* Project object */ = {
			isa = PBXProject;
			attributes = {
				BuildIndependentTargetsInParallel = 1;
				LastSwiftUpdateCheck = 1420;
				LastUpgradeCheck = 1420;
				TargetAttributes = {
					46A12C67299F11B700230F79 = {
						CreatedOnToolsVersion = 14.2;
					};
				};
			};
			buildConfigurationList = 46A12C63299F11B700230F79 /* Build configuration list for PBXProject "addAppsToCloudkit" */;
			compatibilityVersion = "Xcode 14.0";
			developmentRegion = en;
			hasScannedForEncodings = 0;
			knownRegions = (
				en,
				Base,
			);
			mainGroup = 46A12C5F299F11B700230F79;
			productRefGroup = 46A12C69299F11B700230F79 /* Products */;
			projectDirPath = "";
			projectRoot = "";
			targets = (
				46A12C67299F11B700230F79 /* addAppsToCloudkit */,
			);
		};
/* End PBXProject section */

/* Begin PBXResourcesBuildPhase section */
		46A12C66299F11B700230F79 /* Resources */ = {
			isa = PBXResourcesBuildPhase;
			buildActionMask = 2147483647;
			files = (
				46A12C73299F11B900230F79 /* Preview Assets.xcassets in Resources */,
				46A12C70299F11B900230F79 /* Assets.xcassets in Resources */,
			);
			runOnlyForDeploymentPostprocessing = 0;
		};
/* End PBXResourcesBuildPhase section */

/* Begin PBXSourcesBuildPhase section */
		46A12C64299F11B700230F79 /* Sources */ = {
			isa = PBXSourcesBuildPhase;
			buildActionMask = 2147483647;
			files = (
				46DED5F429A44BBA000A3545 /* ListOfAppsProfiles.swift in Sources */,
				466175B829A5240500A0ADD5 /* POPupLearn.swift in Sources */,
				46A12C7D299F157F00230F79 /* ApiHelper.swift in Sources */,
				46A12C6E299F11B700230F79 /* ContentView.swift in Sources */,
				46A12C6C299F11B700230F79 /* addAppsToCloudkitApp.swift in Sources */,
				46ABA77029A2F13F00B158B4 /* CategoryPickerview.swift in Sources */,
				46A12C82299F15A800230F79 /* ApiError.swift in Sources */,
				46A12CA5299F194000230F79 /* AppResponse.swift in Sources */,
				465F20C329A42D8E00DEE306 /* ProfileResponse.swift in Sources */,
				46A12CA7299F19B900230F79 /* Appx.swift in Sources */,
				46DED5F629A4848D000A3545 /* AppProfile.swift in Sources */,
				464C089E29A272BD00A1FFB3 /* PersonListView.swift in Sources */,
				46ABA77229A39F9100B158B4 /* AppWork.swift in Sources */,
				46909D8A299FC81200FA245E /* ListStub.swift in Sources */,
				46A12C83299F15A800230F79 /* ApiManager.swift in Sources */,
				46A12C81299F15A800230F79 /* ApiEndpoint.swift in Sources */,
			);
			runOnlyForDeploymentPostprocessing = 0;
		};
/* End PBXSourcesBuildPhase section */

/* Begin XCBuildConfiguration section */
		46A12C74299F11B900230F79 /* Debug */ = {
			isa = XCBuildConfiguration;
			buildSettings = {
				ALWAYS_SEARCH_USER_PATHS = NO;
				CLANG_ANALYZER_NONNULL = YES;
				CLANG_ANALYZER_NUMBER_OBJECT_CONVERSION = YES_AGGRESSIVE;
				CLANG_CXX_LANGUAGE_STANDARD = "gnu++20";
				CLANG_ENABLE_MODULES = YES;
				CLANG_ENABLE_OBJC_ARC = YES;
				CLANG_ENABLE_OBJC_WEAK = YES;
				CLANG_WARN_BLOCK_CAPTURE_AUTORELEASING = YES;
				CLANG_WARN_BOOL_CONVERSION = YES;
				CLANG_WARN_COMMA = YES;
				CLANG_WARN_CONSTANT_CONVERSION = YES;
				CLANG_WARN_DEPRECATED_OBJC_IMPLEMENTATIONS = YES;
				CLANG_WARN_DIRECT_OBJC_ISA_USAGE = YES_ERROR;
				CLANG_WARN_DOCUMENTATION_COMMENTS = YES;
				CLANG_WARN_EMPTY_BODY = YES;
				CLANG_WARN_ENUM_CONVERSION = YES;
				CLANG_WARN_INFINITE_RECURSION = YES;
				CLANG_WARN_INT_CONVERSION = YES;
				CLANG_WARN_NON_LITERAL_NULL_CONVERSION = YES;
				CLANG_WARN_OBJC_IMPLICIT_RETAIN_SELF = YES;
				CLANG_WARN_OBJC_LITERAL_CONVERSION = YES;
				CLANG_WARN_OBJC_ROOT_CLASS = YES_ERROR;
				CLANG_WARN_QUOTED_INCLUDE_IN_FRAMEWORK_HEADER = YES;
				CLANG_WARN_RANGE_LOOP_ANALYSIS = YES;
				CLANG_WARN_STRICT_PROTOTYPES = YES;
				CLANG_WARN_SUSPICIOUS_MOVE = YES;
				CLANG_WARN_UNGUARDED_AVAILABILITY = YES_AGGRESSIVE;
				CLANG_WARN_UNREACHABLE_CODE = YES;
				CLANG_WARN__DUPLICATE_METHOD_MATCH = YES;
				COPY_PHASE_STRIP = NO;
				DEBUG_INFORMATION_FORMAT = dwarf;
				ENABLE_STRICT_OBJC_MSGSEND = YES;
				ENABLE_TESTABILITY = YES;
				GCC_C_LANGUAGE_STANDARD = gnu11;
				GCC_DYNAMIC_NO_PIC = NO;
				GCC_NO_COMMON_BLOCKS = YES;
				GCC_OPTIMIZATION_LEVEL = 0;
				GCC_PREPROCESSOR_DEFINITIONS = (
					"DEBUG=1",
					"$(inherited)",
				);
				GCC_WARN_64_TO_32_BIT_CONVERSION = YES;
				GCC_WARN_ABOUT_RETURN_TYPE = YES_ERROR;
				GCC_WARN_UNDECLARED_SELECTOR = YES;
				GCC_WARN_UNINITIALIZED_AUTOS = YES_AGGRESSIVE;
				GCC_WARN_UNUSED_FUNCTION = YES;
				GCC_WARN_UNUSED_VARIABLE = YES;
				IPHONEOS_DEPLOYMENT_TARGET = 16.2;
				MTL_ENABLE_DEBUG_INFO = INCLUDE_SOURCE;
				MTL_FAST_MATH = YES;
				ONLY_ACTIVE_ARCH = YES;
				SDKROOT = iphoneos;
				SWIFT_ACTIVE_COMPILATION_CONDITIONS = DEBUG;
				SWIFT_OPTIMIZATION_LEVEL = "-Onone";
			};
			name = Debug;
		};
		46A12C75299F11B900230F79 /* Release */ = {
			isa = XCBuildConfiguration;
			buildSettings = {
				ALWAYS_SEARCH_USER_PATHS = NO;
				CLANG_ANALYZER_NONNULL = YES;
				CLANG_ANALYZER_NUMBER_OBJECT_CONVERSION = YES_AGGRESSIVE;
				CLANG_CXX_LANGUAGE_STANDARD = "gnu++20";
				CLANG_ENABLE_MODULES = YES;
				CLANG_ENABLE_OBJC_ARC = YES;
				CLANG_ENABLE_OBJC_WEAK = YES;
				CLANG_WARN_BLOCK_CAPTURE_AUTORELEASING = YES;
				CLANG_WARN_BOOL_CONVERSION = YES;
				CLANG_WARN_COMMA = YES;
				CLANG_WARN_CONSTANT_CONVERSION = YES;
				CLANG_WARN_DEPRECATED_OBJC_IMPLEMENTATIONS = YES;
				CLANG_WARN_DIRECT_OBJC_ISA_USAGE = YES_ERROR;
				CLANG_WARN_DOCUMENTATION_COMMENTS = YES;
				CLANG_WARN_EMPTY_BODY = YES;
				CLANG_WARN_ENUM_CONVERSION = YES;
				CLANG_WARN_INFINITE_RECURSION = YES;
				CLANG_WARN_INT_CONVERSION = YES;
				CLANG_WARN_NON_LITERAL_NULL_CONVERSION = YES;
				CLANG_WARN_OBJC_IMPLICIT_RETAIN_SELF = YES;
				CLANG_WARN_OBJC_LITERAL_CONVERSION = YES;
				CLANG_WARN_OBJC_ROOT_CLASS = YES_ERROR;
				CLANG_WARN_QUOTED_INCLUDE_IN_FRAMEWORK_HEADER = YES;
				CLANG_WARN_RANGE_LOOP_ANALYSIS = YES;
				CLANG_WARN_STRICT_PROTOTYPES = YES;
				CLANG_WARN_SUSPICIOUS_MOVE = YES;
				CLANG_WARN_UNGUARDED_AVAILABILITY = YES_AGGRESSIVE;
				CLANG_WARN_UNREACHABLE_CODE = YES;
				CLANG_WARN__DUPLICATE_METHOD_MATCH = YES;
				COPY_PHASE_STRIP = NO;
				DEBUG_INFORMATION_FORMAT = "dwarf-with-dsym";
				ENABLE_NS_ASSERTIONS = NO;
				ENABLE_STRICT_OBJC_MSGSEND = YES;
				GCC_C_LANGUAGE_STANDARD = gnu11;
				GCC_NO_COMMON_BLOCKS = YES;
				GCC_WARN_64_TO_32_BIT_CONVERSION = YES;
				GCC_WARN_ABOUT_RETURN_TYPE = YES_ERROR;
				GCC_WARN_UNDECLARED_SELECTOR = YES;
				GCC_WARN_UNINITIALIZED_AUTOS = YES_AGGRESSIVE;
				GCC_WARN_UNUSED_FUNCTION = YES;
				GCC_WARN_UNUSED_VARIABLE = YES;
				IPHONEOS_DEPLOYMENT_TARGET = 16.2;
				MTL_ENABLE_DEBUG_INFO = NO;
				MTL_FAST_MATH = YES;
				SDKROOT = iphoneos;
				SWIFT_COMPILATION_MODE = wholemodule;
				SWIFT_OPTIMIZATION_LEVEL = "-O";
				VALIDATE_PRODUCT = YES;
			};
			name = Release;
		};
		46A12C77299F11B900230F79 /* Debug */ = {
			isa = XCBuildConfiguration;
			buildSettings = {
				ASSETCATALOG_COMPILER_APPICON_NAME = AppIcon;
				ASSETCATALOG_COMPILER_GLOBAL_ACCENT_COLOR_NAME = AccentColor;
				CODE_SIGN_ENTITLEMENTS = addAppsToCloudkit/addAppsToCloudkit.entitlements;
				CODE_SIGN_STYLE = Automatic;
				CURRENT_PROJECT_VERSION = 1;
				DEVELOPMENT_ASSET_PATHS = "\"addAppsToCloudkit/Preview Content\"";
				DEVELOPMENT_TEAM = MZ552MTEJZ;
				ENABLE_PREVIEWS = YES;
				GENERATE_INFOPLIST_FILE = YES;
				INFOPLIST_KEY_UIApplicationSceneManifest_Generation = YES;
				INFOPLIST_KEY_UIApplicationSupportsIndirectInputEvents = YES;
				INFOPLIST_KEY_UILaunchScreen_Generation = YES;
				INFOPLIST_KEY_UISupportedInterfaceOrientations_iPad = "UIInterfaceOrientationPortrait UIInterfaceOrientationPortraitUpsideDown UIInterfaceOrientationLandscapeLeft UIInterfaceOrientationLandscapeRight";
				INFOPLIST_KEY_UISupportedInterfaceOrientations_iPhone = "UIInterfaceOrientationPortrait UIInterfaceOrientationLandscapeLeft UIInterfaceOrientationLandscapeRight";
				IPHONEOS_DEPLOYMENT_TARGET = 16.1;
				LD_RUNPATH_SEARCH_PATHS = (
					"$(inherited)",
					"@executable_path/Frameworks",
				);
				MARKETING_VERSION = 1.0;
				PRODUCT_BUNDLE_IDENTIFIER = com.dia.addAppsToCloudkit;
				PRODUCT_NAME = "$(TARGET_NAME)";
				SWIFT_EMIT_LOC_STRINGS = YES;
				SWIFT_VERSION = 5.0;
				TARGETED_DEVICE_FAMILY = "1,2";
			};
			name = Debug;
		};
		46A12C78299F11B900230F79 /* Release */ = {
			isa = XCBuildConfiguration;
			buildSettings = {
				ASSETCATALOG_COMPILER_APPICON_NAME = AppIcon;
				ASSETCATALOG_COMPILER_GLOBAL_ACCENT_COLOR_NAME = AccentColor;
				CODE_SIGN_ENTITLEMENTS = addAppsToCloudkit/addAppsToCloudkit.entitlements;
				CODE_SIGN_STYLE = Automatic;
				CURRENT_PROJECT_VERSION = 1;
				DEVELOPMENT_ASSET_PATHS = "\"addAppsToCloudkit/Preview Content\"";
				DEVELOPMENT_TEAM = MZ552MTEJZ;
				ENABLE_PREVIEWS = YES;
				GENERATE_INFOPLIST_FILE = YES;
				INFOPLIST_KEY_UIApplicationSceneManifest_Generation = YES;
				INFOPLIST_KEY_UIApplicationSupportsIndirectInputEvents = YES;
				INFOPLIST_KEY_UILaunchScreen_Generation = YES;
				INFOPLIST_KEY_UISupportedInterfaceOrientations_iPad = "UIInterfaceOrientationPortrait UIInterfaceOrientationPortraitUpsideDown UIInterfaceOrientationLandscapeLeft UIInterfaceOrientationLandscapeRight";
				INFOPLIST_KEY_UISupportedInterfaceOrientations_iPhone = "UIInterfaceOrientationPortrait UIInterfaceOrientationLandscapeLeft UIInterfaceOrientationLandscapeRight";
				IPHONEOS_DEPLOYMENT_TARGET = 16.1;
				LD_RUNPATH_SEARCH_PATHS = (
					"$(inherited)",
					"@executable_path/Frameworks",
				);
				MARKETING_VERSION = 1.0;
				PRODUCT_BUNDLE_IDENTIFIER = com.dia.addAppsToCloudkit;
				PRODUCT_NAME = "$(TARGET_NAME)";
				SWIFT_EMIT_LOC_STRINGS = YES;
				SWIFT_VERSION = 5.0;
				TARGETED_DEVICE_FAMILY = "1,2";
			};
			name = Release;
		};
/* End XCBuildConfiguration section */

/* Begin XCConfigurationList section */
		46A12C63299F11B700230F79 /* Build configuration list for PBXProject "addAppsToCloudkit" */ = {
			isa = XCConfigurationList;
			buildConfigurations = (
				46A12C74299F11B900230F79 /* Debug */,
				46A12C75299F11B900230F79 /* Release */,
			);
			defaultConfigurationIsVisible = 0;
			defaultConfigurationName = Release;
		};
		46A12C76299F11B900230F79 /* Build configuration list for PBXNativeTarget "addAppsToCloudkit" */ = {
			isa = XCConfigurationList;
			buildConfigurations = (
				46A12C77299F11B900230F79 /* Debug */,
				46A12C78299F11B900230F79 /* Release */,
			);
			defaultConfigurationIsVisible = 0;
			defaultConfigurationName = Release;
		};
/* End XCConfigurationList section */
	};
	rootObject = 46A12C60299F11B700230F79 /* Project object */;
}
